
Microsoft Visual Studio Solution File, Format Version 12.00
# Visual Studio 15
VisualStudioVersion = 15.0.28010.2016
MinimumVisualStudioVersion = 10.0.40219.1
Project("{FAE04EC0-301F-11D3-BF4B-00C04F79EFBC}") = "Farm", "Farm\Farm.csproj", "{26C83291-8F04-465E-8F6E-808A752B5751}"
EndProject
Global
	GlobalSection(SolutionConfigurationPlatforms) = preSolution
		Debug|Any CPU = Debug|Any CPU
		Release|Any CPU = Release|Any CPU
	EndGlobalSection
	GlobalSection(ProjectConfigurationPlatforms) = postSolution
		{26C83291-8F04-465E-8F6E-808A752B5751}.Debug|Any CPU.ActiveCfg = Debug|Any CPU
		{26C83291-8F04-465E-8F6E-808A752B5751}.Debug|Any CPU.Build.0 = Debug|Any CPU
		{26C83291-8F04-465E-8F6E-808A752B5751}.Release|Any CPU.ActiveCfg = Release|Any CPU
		{26C83291-8F04-465E-8F6E-808A752B5751}.Release|Any CPU.Build.0 = Release|Any CPU
	EndGlobalSection
	GlobalSection(SolutionProperties) = preSolution
		HideSolutionNode = FALSE
	EndGlobalSection
	GlobalSection(ExtensibilityGlobals) = postSolution
		SolutionGuid = {37124401-F962-442C-B184-CE97CE17C1E6}
	EndGlobalSection
EndGlobal
